
Microsoft Visual Studio Solution File, Format Version 12.00
# Visual Studio Version 17
VisualStudioVersion = 17.9.34723.18
MinimumVisualStudioVersion = 10.0.40219.1
Project("{FAE04EC0-301F-11D3-BF4B-00C04F79EFBC}") = "HW4", "HW4\HW4.csproj", "{67E4A9CA-6BA1-4AE6-981D-BF35FAF9595C}"
EndProject
Global
	GlobalSection(SolutionConfigurationPlatforms) = preSolution
		Debug|Any CPU = Debug|Any CPU
		Release|Any CPU = Release|Any CPU
	EndGlobalSection
	GlobalSection(ProjectConfigurationPlatforms) = postSolution
		{67E4A9CA-6BA1-4AE6-981D-BF35FAF9595C}.Debug|Any CPU.ActiveCfg = Debug|Any CPU
		{67E4A9CA-6BA1-4AE6-981D-BF35FAF9595C}.Debug|Any CPU.Build.0 = Debug|Any CPU
		{67E4A9CA-6BA1-4AE6-981D-BF35FAF9595C}.Release|Any CPU.ActiveCfg = Release|Any CPU
		{67E4A9CA-6BA1-4AE6-981D-BF35FAF9595C}.Release|Any CPU.Build.0 = Release|Any CPU
	EndGlobalSection
	GlobalSection(SolutionProperties) = preSolution
		HideSolutionNode = FALSE
	EndGlobalSection
	GlobalSection(ExtensibilityGlobals) = postSolution
		SolutionGuid = {BCEA6E55-B454-4217-9181-E11ACE5904A0}
	EndGlobalSection
EndGlobal
